
Microsoft Visual Studio Solution File, Format Version 12.00
# Visual Studio Version 17
VisualStudioVersion = 17.13.35919.96
MinimumVisualStudioVersion = 10.0.40219.1
Project("{FAE04EC0-301F-11D3-BF4B-00C04F79EFBC}") = "Project", "Project\Project.csproj", "{03271FFD-DD4E-4405-B724-096C9AFCEA63}"
EndProject
Project("{FAE04EC0-301F-11D3-BF4B-00C04F79EFBC}") = "TestProject", "TestProject\TestProject.csproj", "{C46D2870-F6E8-4AA0-9B3E-1630C16348EF}"
EndProject
Global
	GlobalSection(SolutionConfigurationPlatforms) = preSolution
		Debug|Any CPU = Debug|Any CPU
		Release|Any CPU = Release|Any CPU
	EndGlobalSection
	GlobalSection(ProjectConfigurationPlatforms) = postSolution
		{03271FFD-DD4E-4405-B724-096C9AFCEA63}.Debug|Any CPU.ActiveCfg = Debug|Any CPU
		{03271FFD-DD4E-4405-B724-096C9AFCEA63}.Debug|Any CPU.Build.0 = Debug|Any CPU
		{03271FFD-DD4E-4405-B724-096C9AFCEA63}.Release|Any CPU.ActiveCfg = Release|Any CPU
		{03271FFD-DD4E-4405-B724-096C9AFCEA63}.Release|Any CPU.Build.0 = Release|Any CPU
		{C46D2870-F6E8-4AA0-9B3E-1630C16348EF}.Debug|Any CPU.ActiveCfg = Debug|Any CPU
		{C46D2870-F6E8-4AA0-9B3E-1630C16348EF}.Debug|Any CPU.Build.0 = Debug|Any CPU
		{C46D2870-F6E8-4AA0-9B3E-1630C16348EF}.Release|Any CPU.ActiveCfg = Release|Any CPU
		{C46D2870-F6E8-4AA0-9B3E-1630C16348EF}.Release|Any CPU.Build.0 = Release|Any CPU
	EndGlobalSection
	GlobalSection(SolutionProperties) = preSolution
		HideSolutionNode = FALSE
	EndGlobalSection
	GlobalSection(ExtensibilityGlobals) = postSolution
		SolutionGuid = {EB04A05D-0823-4BA8-AEE5-9DF66D1C62D2}
	EndGlobalSection
EndGlobal
